{
  "version": 4,
  "terraform_version": "1.10.5",
  "serial": 6,
  "lineage": "ea4fc192-e1b9-ce66-c922-90c3fd22b0ec",
  "outputs": {},
  "resources": [
    {
      "mode": "managed",
      "type": "azurerm_resource_group",
      "name": "Rg1",
      "provider": "provider[\"registry.terraform.io/hashicorp/azurerm\"]",
      "instances": [
        {
          "schema_version": 0,
          "attributes": {
            "id": "/subscriptions/2ccbb89e-86b6-41f1-819f-b04014248457/resourceGroups/Rg1",
            "location": "westus",
            "name": "Rg1",
            "tags": {
              "environment": "Created by franklyn"
            },
            "timeouts": null
          },
          "sensitive_attributes": [],
          "private": "eyJlMmJmYjczMC1lY2FhLTExZTYtOGY4OC0zNDM2M2JjN2M0YzAiOnsiY3JlYXRlIjo1NDAwMDAwMDAwMDAwLCJkZWxldGUiOjU0MDAwMDAwMDAwMDAsInJlYWQiOjMwMDAwMDAwMDAwMCwidXBkYXRlIjo1NDAwMDAwMDAwMDAwfX0="
        }
      ]
    },
    {
      "mode": "managed",
      "type": "azurerm_virtual_network",
      "name": "Vnet1",
      "provider": "provider[\"registry.terraform.io/hashicorp/azurerm\"]",
      "instances": [
        {
          "schema_version": 0,
          "attributes": {
            "address_space": [
              "10.123.0.0/16"
            ],
            "bgp_community": "",
            "ddos_protection_plan": [],
            "dns_servers": [],
            "edge_zone": "",
            "flow_timeout_in_minutes": 0,
            "guid": "1d06138d-ea82-4fd6-aea9-1289e247261f",
            "id": "/subscriptions/2ccbb89e-86b6-41f1-819f-b04014248457/resourceGroups/Rg1/providers/Microsoft.Network/virtualNetworks/Vnet1",
            "location": "eastus",
            "name": "Vnet1",
            "resource_group_name": "Rg1",
            "subnet": [],
            "tags": {
              "environment": "Created by franklyn"
            },
            "timeouts": null
          },
          "sensitive_attributes": [],
          "private": "eyJlMmJmYjczMC1lY2FhLTExZTYtOGY4OC0zNDM2M2JjN2M0YzAiOnsiY3JlYXRlIjoxODAwMDAwMDAwMDAwLCJkZWxldGUiOjE4MDAwMDAwMDAwMDAsInJlYWQiOjMwMDAwMDAwMDAwMCwidXBkYXRlIjoxODAwMDAwMDAwMDAwfX0=",
          "dependencies": [
            "azurerm_resource_group.Rg1"
          ]
        }
      ]
    }
  ],
  "check_results": null
}
